
Microsoft Visual Studio Solution File, Format Version 12.00
# Visual Studio Version 16
VisualStudioVersion = 16.0.29403.142
MinimumVisualStudioVersion = 10.0.40219.1
Project("{FAE04EC0-301F-11D3-BF4B-00C04F79EFBC}") = "WebApplication15", "WebApplication15\WebApplication15.csproj", "{ECDBC4F1-92DE-4A1E-921B-428306A6EB56}"
EndProject
Global
	GlobalSection(SolutionConfigurationPlatforms) = preSolution
		Debug|Any CPU = Debug|Any CPU
		Release|Any CPU = Release|Any CPU
	EndGlobalSection
	GlobalSection(ProjectConfigurationPlatforms) = postSolution
		{ECDBC4F1-92DE-4A1E-921B-428306A6EB56}.Debug|Any CPU.ActiveCfg = Debug|Any CPU
		{ECDBC4F1-92DE-4A1E-921B-428306A6EB56}.Debug|Any CPU.Build.0 = Debug|Any CPU
		{ECDBC4F1-92DE-4A1E-921B-428306A6EB56}.Release|Any CPU.ActiveCfg = Release|Any CPU
		{ECDBC4F1-92DE-4A1E-921B-428306A6EB56}.Release|Any CPU.Build.0 = Release|Any CPU
	EndGlobalSection
	GlobalSection(SolutionProperties) = preSolution
		HideSolutionNode = FALSE
	EndGlobalSection
	GlobalSection(ExtensibilityGlobals) = postSolution
		SolutionGuid = {9E971B8C-86FB-4B3F-A72C-EF9DA01D18ED}
	EndGlobalSection
EndGlobal
